
Microsoft Visual Studio Solution File, Format Version 12.00
# Visual Studio Version 16
VisualStudioVersion = 16.0.31515.178
MinimumVisualStudioVersion = 10.0.40219.1
Project("{9A19103F-16F7-4668-BE54-9A1E7A4F7556}") = "E_commerce.Web", "E_commerce.Web\E_commerce.Web.csproj", "{AE1B2EFA-DE23-4722-AB69-59264148E579}"
EndProject
Project("{9A19103F-16F7-4668-BE54-9A1E7A4F7556}") = "E_commerce.Core", "E_commerce.Core\E_commerce.Core.csproj", "{B5446206-BFA3-483B-ABA6-3469B02C0EFB}"
EndProject
Project("{9A19103F-16F7-4668-BE54-9A1E7A4F7556}") = "E_commerce.Ef", "E_commerce.Ef\E_commerce.Ef.csproj", "{17149954-EF29-447D-BC24-B2843A7855ED}"
EndProject
Project("{FAE04EC0-301F-11D3-BF4B-00C04F79EFBC}") = "E_commerce.Domain", "E_commerce.Domain\E_commerce.Domain.csproj", "{624CEDEF-7450-4FE2-B7BF-A6665F056253}"
EndProject
Global
	GlobalSection(SolutionConfigurationPlatforms) = preSolution
		Debug|Any CPU = Debug|Any CPU
		Release|Any CPU = Release|Any CPU
	EndGlobalSection
	GlobalSection(ProjectConfigurationPlatforms) = postSolution
		{AE1B2EFA-DE23-4722-AB69-59264148E579}.Debug|Any CPU.ActiveCfg = Debug|Any CPU
		{AE1B2EFA-DE23-4722-AB69-59264148E579}.Debug|Any CPU.Build.0 = Debug|Any CPU
		{AE1B2EFA-DE23-4722-AB69-59264148E579}.Release|Any CPU.ActiveCfg = Release|Any CPU
		{AE1B2EFA-DE23-4722-AB69-59264148E579}.Release|Any CPU.Build.0 = Release|Any CPU
		{B5446206-BFA3-483B-ABA6-3469B02C0EFB}.Debug|Any CPU.ActiveCfg = Debug|Any CPU
		{B5446206-BFA3-483B-ABA6-3469B02C0EFB}.Debug|Any CPU.Build.0 = Debug|Any CPU
		{B5446206-BFA3-483B-ABA6-3469B02C0EFB}.Release|Any CPU.ActiveCfg = Release|Any CPU
		{B5446206-BFA3-483B-ABA6-3469B02C0EFB}.Release|Any CPU.Build.0 = Release|Any CPU
		{17149954-EF29-447D-BC24-B2843A7855ED}.Debug|Any CPU.ActiveCfg = Debug|Any CPU
		{17149954-EF29-447D-BC24-B2843A7855ED}.Debug|Any CPU.Build.0 = Debug|Any CPU
		{17149954-EF29-447D-BC24-B2843A7855ED}.Release|Any CPU.ActiveCfg = Release|Any CPU
		{17149954-EF29-447D-BC24-B2843A7855ED}.Release|Any CPU.Build.0 = Release|Any CPU
		{624CEDEF-7450-4FE2-B7BF-A6665F056253}.Debug|Any CPU.ActiveCfg = Debug|Any CPU
		{624CEDEF-7450-4FE2-B7BF-A6665F056253}.Debug|Any CPU.Build.0 = Debug|Any CPU
		{624CEDEF-7450-4FE2-B7BF-A6665F056253}.Release|Any CPU.ActiveCfg = Release|Any CPU
		{624CEDEF-7450-4FE2-B7BF-A6665F056253}.Release|Any CPU.Build.0 = Release|Any CPU
	EndGlobalSection
	GlobalSection(SolutionProperties) = preSolution
		HideSolutionNode = FALSE
	EndGlobalSection
	GlobalSection(ExtensibilityGlobals) = postSolution
		SolutionGuid = {A67D01CA-38F6-4787-A2B3-2560D300C494}
	EndGlobalSection
EndGlobal
